
Microsoft Visual Studio Solution File, Format Version 12.00
# Visual Studio Version 17
VisualStudioVersion = 17.13.35931.197 d17.13
MinimumVisualStudioVersion = 10.0.40219.1
Project("{FAE04EC0-301F-11D3-BF4B-00C04F79EFBC}") = "CuoiKyDocNet", "CuoiKyDocNet\CuoiKyDocNet.csproj", "{579517A0-C1D3-4358-9C4A-22504505927C}"
EndProject
Global
	GlobalSection(SolutionConfigurationPlatforms) = preSolution
		Debug|Any CPU = Debug|Any CPU
		Release|Any CPU = Release|Any CPU
	EndGlobalSection
	GlobalSection(ProjectConfigurationPlatforms) = postSolution
		{579517A0-C1D3-4358-9C4A-22504505927C}.Debug|Any CPU.ActiveCfg = Debug|Any CPU
		{579517A0-C1D3-4358-9C4A-22504505927C}.Debug|Any CPU.Build.0 = Debug|Any CPU
		{579517A0-C1D3-4358-9C4A-22504505927C}.Release|Any CPU.ActiveCfg = Release|Any CPU
		{579517A0-C1D3-4358-9C4A-22504505927C}.Release|Any CPU.Build.0 = Release|Any CPU
	EndGlobalSection
	GlobalSection(SolutionProperties) = preSolution
		HideSolutionNode = FALSE
	EndGlobalSection
	GlobalSection(ExtensibilityGlobals) = postSolution
		SolutionGuid = {D0326FFD-2308-4634-B35F-8813E4E6A779}
	EndGlobalSection
EndGlobal
